# THIS IS AN AUTOGENERATED FILE. DO NOT EDIT THIS FILE DIRECTLY.
# yarn lockfile v1


"@supabase/auth-js@2.86.2":
  version "2.86.2"
  resolved "https://registry.yarnpkg.com/@supabase/auth-js/-/auth-js-2.86.2.tgz#e29398115f0eb4f5684a3b8b5bf46c93e6fd064d"
  integrity sha512-7k8IAhgSnZuD9Zex2+ohHKY3aWGDd4ls0xlxMGl3/jPyHSSXrIYfmtJyUH0+DPd4B3psBqHC0Ev0/nZEHdW58w==
  dependencies:
    tslib "2.8.1"

"@supabase/functions-js@2.86.2":
  version "2.86.2"
  resolved "https://registry.yarnpkg.com/@supabase/functions-js/-/functions-js-2.86.2.tgz#02f5496319b3529368c8536ef2056576145c9b74"
  integrity sha512-OLpy3NIlj7q3yGMFwUpPkDPJbRx4aU+u73SiXqiMnA5ARwzVcOReSzI2u4oOqioE+3ud0fRx7sRsfoklBwYOmg==
  dependencies:
    tslib "2.8.1"

"@supabase/postgrest-js@2.86.2":
  version "2.86.2"
  resolved "https://registry.yarnpkg.com/@supabase/postgrest-js/-/postgrest-js-2.86.2.tgz#4df97d0dffc04b92f157fc6cf8c8981abba787dc"
  integrity sha512-KVgOF2QASvUfQnzMGAmxR7f3ZF/eZ8PFp2F5Q7SAPQlmB83FEaZ7C/QMzfVXXqkMbotfh96xcaBNSKnxowFObA==
  dependencies:
    tslib "2.8.1"

"@supabase/realtime-js@2.86.2":
  version "2.86.2"
  resolved "https://registry.yarnpkg.com/@supabase/realtime-js/-/realtime-js-2.86.2.tgz#c2872fb7d0a7d0c6dec153ad677ef14c6b235ef6"
  integrity sha512-uLUYrOMeK1qXHISxdMFVfBs0sGV5PmqYewIHvLBnMYbb//LERojxfKlVSJBgZ+aAwxANmtQKcprjGZI7DJ6lNQ==
  dependencies:
    "@types/phoenix" "^1.6.6"
    "@types/ws" "^8.18.1"
    tslib "2.8.1"
    ws "^8.18.2"

"@supabase/storage-js@2.86.2":
  version "2.86.2"
  resolved "https://registry.yarnpkg.com/@supabase/storage-js/-/storage-js-2.86.2.tgz#638d920263f677f59282e4be601727a2ded6c25d"
  integrity sha512-zyR4PkO7R4f4/xRBVJho3Dm7y4512BoCqGmD7LjNV2GVtWt8vEmambiuMB2Ty3l76mqw+ynQyHY8yFWSERrHXA==
  dependencies:
    iceberg-js "^0.8.0"
    tslib "2.8.1"

"@supabase/supabase-js@^2.84.0":
  version "2.86.2"
  resolved "https://registry.yarnpkg.com/@supabase/supabase-js/-/supabase-js-2.86.2.tgz#6175d4a03619127af7201c6f71a82350867c2692"
  integrity sha512-KXoiqFf7zZhL/+lj7oBFFUvVDQ6gy03v9wQ5E++f7xiJUuqmI4DuBhrv8uFo6B2EGTQTA3vkXjbxmYIug/zfWw==
  dependencies:
    "@supabase/auth-js" "2.86.2"
    "@supabase/functions-js" "2.86.2"
    "@supabase/postgrest-js" "2.86.2"
    "@supabase/realtime-js" "2.86.2"
    "@supabase/storage-js" "2.86.2"

"@types/node@*":
  version "24.10.1"
  resolved "https://registry.yarnpkg.com/@types/node/-/node-24.10.1.tgz#91e92182c93db8bd6224fca031e2370cef9a8f01"
  integrity sha512-GNWcUTRBgIRJD5zj+Tq0fKOJ5XZajIiBroOF0yvj2bSU1WvNdYS/dn9UxwsujGW4JX06dnHyjV2y9rRaybH0iQ==
  dependencies:
    undici-types "~7.16.0"

"@types/phoenix@^1.6.6":
  version "1.6.6"
  resolved "https://registry.yarnpkg.com/@types/phoenix/-/phoenix-1.6.6.tgz#3c1ab53fd5a23634b8e37ea72ccacbf07fbc7816"
  integrity sha512-PIzZZlEppgrpoT2QgbnDU+MMzuR6BbCjllj0bM70lWoejMeNJAxCchxnv7J3XFkI8MpygtRpzXrIlmWUBclP5A==

"@types/ws@^8.18.1":
  version "8.18.1"
  resolved "https://registry.yarnpkg.com/@types/ws/-/ws-8.18.1.tgz#48464e4bf2ddfd17db13d845467f6070ffea4aa9"
  integrity sha512-ThVF6DCVhA8kUGy+aazFQ4kXQ7E1Ty7A3ypFOe0IcJV8O/M511G99AW24irKrW56Wt44yG9+ij8FaqoBGkuBXg==
  dependencies:
    "@types/node" "*"

iceberg-js@^0.8.0:
  version "0.8.1"
  resolved "https://registry.yarnpkg.com/iceberg-js/-/iceberg-js-0.8.1.tgz#47d893468293a010385e1c70123f29d0fc1d9912"
  integrity sha512-1dhVQZXhcHje7798IVM+xoo/1ZdVfzOMIc8/rgVSijRK38EDqOJoGula9N/8ZI5RD8QTxNQtK/Gozpr+qUqRRA==

tslib@2.8.1:
  version "2.8.1"
  resolved "https://registry.yarnpkg.com/tslib/-/tslib-2.8.1.tgz#612efe4ed235d567e8aba5f2a5fab70280ade83f"
  integrity sha512-oJFu94HQb+KVduSUQL7wnpmqnfmLsOA/nAh6b6EH0wCEoK0/mPeXU6c3wKDV83MkOuHPRHtSXKKU99IBazS/2w==

undici-types@~7.16.0:
  version "7.16.0"
  resolved "https://registry.yarnpkg.com/undici-types/-/undici-types-7.16.0.tgz#ffccdff36aea4884cbfce9a750a0580224f58a46"
  integrity sha512-Zz+aZWSj8LE6zoxD+xrjh4VfkIG8Ya6LvYkZqtUQGJPZjYl53ypCaUwWqo7eI0x66KBGeRo+mlBEkMSeSZ38Nw==

ws@^8.18.2:
  version "8.18.3"
  resolved "https://registry.yarnpkg.com/ws/-/ws-8.18.3.tgz#b56b88abffde62791c639170400c93dcb0c95472"
  integrity sha512-PEIGCY5tSlUt50cqyMXfCzX+oOPqN0vuGqWzbcJ2xvnkzkq46oOpz7dQaTDBdfICb4N14+GARUDw2XV2N4tvzg==
